
Microsoft Visual Studio Solution File, Format Version 12.00
# Visual Studio 2012
Project("{FAE04EC0-301F-11D3-BF4B-00C04F79EFBC}") = "XboxLeadersWrapper", "XboxLeadersWrapper.csproj", "{DD69A4E9-9C5B-4499-A0A1-E1A10F7F97DB}"
EndProject
Global
	GlobalSection(SolutionConfigurationPlatforms) = preSolution
		Debug|Any CPU = Debug|Any CPU
		Release|Any CPU = Release|Any CPU
	EndGlobalSection
	GlobalSection(ProjectConfigurationPlatforms) = postSolution
		{DD69A4E9-9C5B-4499-A0A1-E1A10F7F97DB}.Debug|Any CPU.ActiveCfg = Debug|Any CPU
		{DD69A4E9-9C5B-4499-A0A1-E1A10F7F97DB}.Debug|Any CPU.Build.0 = Debug|Any CPU
		{DD69A4E9-9C5B-4499-A0A1-E1A10F7F97DB}.Release|Any CPU.ActiveCfg = Release|Any CPU
		{DD69A4E9-9C5B-4499-A0A1-E1A10F7F97DB}.Release|Any CPU.Build.0 = Release|Any CPU
	EndGlobalSection
	GlobalSection(SolutionProperties) = preSolution
		HideSolutionNode = FALSE
	EndGlobalSection
EndGlobal
